{
    "version": 3,
    "terraform_version": "0.11.1",
    "serial": 2,
    "lineage": "4ac6da09-a6d4-4ce7-951c-309efee877b6",
    "modules": [
        {
            "path": [
                "root"
            ],
            "outputs": {
                "balancer_dns_name": {
                    "sensitive": false,
                    "type": "string",
                    "value": "balancer-1025562865.eu-west-1.elb.amazonaws.com"
                },
                "data_source_values": {
                    "sensitive": false,
                    "type": "map",
                    "value": {
                        "zone_a_public_ip": "54.194.129.169",
                        "zone_a_public_ip_private": "10.3.1.189",
                        "zone_b_public_ip": "34.242.114.205",
                        "zone_b_public_ip_private": "10.3.2.36",
                        "zone_c_public_ip": "",
                        "zone_c_public_ip_private": ""
                    }
                }
            },
            "resources": {
                "aws_alb.balancer": {
                    "type": "aws_alb",
                    "depends_on": [
                        "module.security_group",
                        "module.vpc"
                    ],
                    "primary": {
                        "id": "arn:aws:elasticloadbalancing:eu-west-1:904317604667:loadbalancer/app/balancer/bbcb77656f4a865b",
                        "attributes": {
                            "access_logs.#": "0",
                            "arn": "arn:aws:elasticloadbalancing:eu-west-1:904317604667:loadbalancer/app/balancer/bbcb77656f4a865b",
                            "arn_suffix": "app/balancer/bbcb77656f4a865b",
                            "dns_name": "balancer-1025562865.eu-west-1.elb.amazonaws.com",
                            "enable_deletion_protection": "false",
                            "id": "arn:aws:elasticloadbalancing:eu-west-1:904317604667:loadbalancer/app/balancer/bbcb77656f4a865b",
                            "idle_timeout": "60",
                            "internal": "false",
                            "ip_address_type": "ipv4",
                            "name": "balancer",
                            "security_groups.#": "1",
                            "security_groups.3850192558": "sg-d14a5aaa",
                            "subnets.#": "3",
                            "subnets.4154236149": "subnet-5e560f05",
                            "subnets.564531914": "subnet-248e9343",
                            "subnets.846853": "subnet-2ab05062",
                            "tags.%": "2",
                            "tags.Repository": "terraform-balancer",
                            "tags.Terraform": "true",
                            "vpc_id": "vpc-2ad3204c",
                            "zone_id": "Z32O12XQLNTSW2"
                        },
                        "meta": {
                            "e2bfb730-ecaa-11e6-8f88-34363bc7c4c0": {
                                "create": 600000000000,
                                "delete": 600000000000,
                                "update": 600000000000
                            }
                        },
                        "tainted": false
                    },
                    "deposed": [],
                    "provider": "provider.aws"
                },
                "aws_alb.canary": {
                    "type": "aws_alb",
                    "depends_on": [
                        "module.security_group",
                        "module.vpc"
                    ],
                    "primary": {
                        "id": "arn:aws:elasticloadbalancing:eu-west-1:904317604667:loadbalancer/app/canary/74d4b0bed4e48bfb",
                        "attributes": {
                            "access_logs.#": "0",
                            "arn": "arn:aws:elasticloadbalancing:eu-west-1:904317604667:loadbalancer/app/canary/74d4b0bed4e48bfb",
                            "arn_suffix": "app/canary/74d4b0bed4e48bfb",
                            "dns_name": "canary-1962206528.eu-west-1.elb.amazonaws.com",
                            "enable_deletion_protection": "false",
                            "id": "arn:aws:elasticloadbalancing:eu-west-1:904317604667:loadbalancer/app/canary/74d4b0bed4e48bfb",
                            "idle_timeout": "60",
                            "internal": "false",
                            "ip_address_type": "ipv4",
                            "name": "canary",
                            "security_groups.#": "1",
                            "security_groups.3850192558": "sg-d14a5aaa",
                            "subnets.#": "3",
                            "subnets.4154236149": "subnet-5e560f05",
                            "subnets.564531914": "subnet-248e9343",
                            "subnets.846853": "subnet-2ab05062",
                            "tags.%": "2",
                            "tags.Repository": "terraform-balancer",
                            "tags.Terraform": "true",
                            "vpc_id": "vpc-2ad3204c",
                            "zone_id": "Z32O12XQLNTSW2"
                        },
                        "meta": {
                            "e2bfb730-ecaa-11e6-8f88-34363bc7c4c0": {
                                "create": 600000000000,
                                "delete": 600000000000,
                                "update": 600000000000
                            }
                        },
                        "tainted": false
                    },
                    "deposed": [],
                    "provider": "provider.aws"
                },
                "aws_alb.production": {
                    "type": "aws_alb",
                    "depends_on": [
                        "module.security_group",
                        "module.vpc"
                    ],
                    "primary": {
                        "id": "arn:aws:elasticloadbalancing:eu-west-1:904317604667:loadbalancer/app/production/394283328d45b1d5",
                        "attributes": {
                            "access_logs.#": "0",
                            "arn": "arn:aws:elasticloadbalancing:eu-west-1:904317604667:loadbalancer/app/production/394283328d45b1d5",
                            "arn_suffix": "app/production/394283328d45b1d5",
                            "dns_name": "production-1372050180.eu-west-1.elb.amazonaws.com",
                            "enable_deletion_protection": "false",
                            "id": "arn:aws:elasticloadbalancing:eu-west-1:904317604667:loadbalancer/app/production/394283328d45b1d5",
                            "idle_timeout": "60",
                            "internal": "false",
                            "ip_address_type": "ipv4",
                            "name": "production",
                            "security_groups.#": "1",
                            "security_groups.3850192558": "sg-d14a5aaa",
                            "subnets.#": "3",
                            "subnets.4154236149": "subnet-5e560f05",
                            "subnets.564531914": "subnet-248e9343",
                            "subnets.846853": "subnet-2ab05062",
                            "tags.%": "2",
                            "tags.Repository": "terraform-balancer",
                            "tags.Terraform": "true",
                            "vpc_id": "vpc-2ad3204c",
                            "zone_id": "Z32O12XQLNTSW2"
                        },
                        "meta": {
                            "e2bfb730-ecaa-11e6-8f88-34363bc7c4c0": {
                                "create": 600000000000,
                                "delete": 600000000000,
                                "update": 600000000000
                            }
                        },
                        "tainted": false
                    },
                    "deposed": [],
                    "provider": "provider.aws"
                },
                "aws_alb_listener.balancer": {
                    "type": "aws_alb_listener",
                    "depends_on": [
                        "aws_alb.balancer",
                        "aws_alb_target_group.balancer"
                    ],
                    "primary": {
                        "id": "arn:aws:elasticloadbalancing:eu-west-1:904317604667:listener/app/balancer/bbcb77656f4a865b/11109cc0cb11515a",
                        "attributes": {
                            "arn": "arn:aws:elasticloadbalancing:eu-west-1:904317604667:listener/app/balancer/bbcb77656f4a865b/11109cc0cb11515a",
                            "default_action.#": "1",
                            "default_action.0.target_group_arn": "arn:aws:elasticloadbalancing:eu-west-1:904317604667:targetgroup/balancer/a09fec8bac7fc128",
                            "default_action.0.type": "forward",
                            "id": "arn:aws:elasticloadbalancing:eu-west-1:904317604667:listener/app/balancer/bbcb77656f4a865b/11109cc0cb11515a",
                            "load_balancer_arn": "arn:aws:elasticloadbalancing:eu-west-1:904317604667:loadbalancer/app/balancer/bbcb77656f4a865b",
                            "port": "80",
                            "protocol": "HTTP",
                            "ssl_policy": ""
                        },
                        "meta": {},
                        "tainted": false
                    },
                    "deposed": [],
                    "provider": "provider.aws"
                },
                "aws_alb_listener.canary": {
                    "type": "aws_alb_listener",
                    "depends_on": [
                        "aws_alb.canary",
                        "aws_alb_target_group.canary"
                    ],
                    "primary": {
                        "id": "arn:aws:elasticloadbalancing:eu-west-1:904317604667:listener/app/canary/74d4b0bed4e48bfb/b5230c3c84ec2ae6",
                        "attributes": {
                            "arn": "arn:aws:elasticloadbalancing:eu-west-1:904317604667:listener/app/canary/74d4b0bed4e48bfb/b5230c3c84ec2ae6",
                            "default_action.#": "1",
                            "default_action.0.target_group_arn": "arn:aws:elasticloadbalancing:eu-west-1:904317604667:targetgroup/canary/ccb2d636f58f6dda",
                            "default_action.0.type": "forward",
                            "id": "arn:aws:elasticloadbalancing:eu-west-1:904317604667:listener/app/canary/74d4b0bed4e48bfb/b5230c3c84ec2ae6",
                            "load_balancer_arn": "arn:aws:elasticloadbalancing:eu-west-1:904317604667:loadbalancer/app/canary/74d4b0bed4e48bfb",
                            "port": "80",
                            "protocol": "HTTP",
                            "ssl_policy": ""
                        },
                        "meta": {},
                        "tainted": false
                    },
                    "deposed": [],
                    "provider": "provider.aws"
                },
                "aws_alb_listener.production": {
                    "type": "aws_alb_listener",
                    "depends_on": [
                        "aws_alb.production",
                        "aws_alb_target_group.production"
                    ],
                    "primary": {
                        "id": "arn:aws:elasticloadbalancing:eu-west-1:904317604667:listener/app/production/394283328d45b1d5/021efa265470a891",
                        "attributes": {
                            "arn": "arn:aws:elasticloadbalancing:eu-west-1:904317604667:listener/app/production/394283328d45b1d5/021efa265470a891",
                            "default_action.#": "1",
                            "default_action.0.target_group_arn": "arn:aws:elasticloadbalancing:eu-west-1:904317604667:targetgroup/production/b5380378a5d7647b",
                            "default_action.0.type": "forward",
                            "id": "arn:aws:elasticloadbalancing:eu-west-1:904317604667:listener/app/production/394283328d45b1d5/021efa265470a891",
                            "load_balancer_arn": "arn:aws:elasticloadbalancing:eu-west-1:904317604667:loadbalancer/app/production/394283328d45b1d5",
                            "port": "80",
                            "protocol": "HTTP",
                            "ssl_policy": ""
                        },
                        "meta": {},
                        "tainted": false
                    },
                    "deposed": [],
                    "provider": "provider.aws"
                },
                "aws_alb_target_group.balancer": {
                    "type": "aws_alb_target_group",
                    "depends_on": [
                        "module.vpc"
                    ],
                    "primary": {
                        "id": "arn:aws:elasticloadbalancing:eu-west-1:904317604667:targetgroup/balancer/a09fec8bac7fc128",
                        "attributes": {
                            "arn": "arn:aws:elasticloadbalancing:eu-west-1:904317604667:targetgroup/balancer/a09fec8bac7fc128",
                            "arn_suffix": "targetgroup/balancer/a09fec8bac7fc128",
                            "deregistration_delay": "300",
                            "health_check.#": "1",
                            "health_check.0.healthy_threshold": "5",
                            "health_check.0.interval": "30",
                            "health_check.0.matcher": "200",
                            "health_check.0.path": "/",
                            "health_check.0.port": "traffic-port",
                            "health_check.0.protocol": "HTTP",
                            "health_check.0.timeout": "5",
                            "health_check.0.unhealthy_threshold": "2",
                            "id": "arn:aws:elasticloadbalancing:eu-west-1:904317604667:targetgroup/balancer/a09fec8bac7fc128",
                            "name": "balancer",
                            "port": "80",
                            "protocol": "HTTP",
                            "stickiness.#": "1",
                            "stickiness.0.cookie_duration": "86400",
                            "stickiness.0.enabled": "false",
                            "stickiness.0.type": "lb_cookie",
                            "tags.%": "2",
                            "tags.Repository": "terraform-balancer",
                            "tags.Terraform": "true",
                            "vpc_id": "vpc-2ad3204c"
                        },
                        "meta": {},
                        "tainted": false
                    },
                    "deposed": [],
                    "provider": "provider.aws"
                },
                "aws_alb_target_group.canary": {
                    "type": "aws_alb_target_group",
                    "depends_on": [
                        "module.vpc"
                    ],
                    "primary": {
                        "id": "arn:aws:elasticloadbalancing:eu-west-1:904317604667:targetgroup/canary/ccb2d636f58f6dda",
                        "attributes": {
                            "arn": "arn:aws:elasticloadbalancing:eu-west-1:904317604667:targetgroup/canary/ccb2d636f58f6dda",
                            "arn_suffix": "targetgroup/canary/ccb2d636f58f6dda",
                            "deregistration_delay": "300",
                            "health_check.#": "1",
                            "health_check.0.healthy_threshold": "5",
                            "health_check.0.interval": "30",
                            "health_check.0.matcher": "200",
                            "health_check.0.path": "/",
                            "health_check.0.port": "traffic-port",
                            "health_check.0.protocol": "HTTP",
                            "health_check.0.timeout": "5",
                            "health_check.0.unhealthy_threshold": "2",
                            "id": "arn:aws:elasticloadbalancing:eu-west-1:904317604667:targetgroup/canary/ccb2d636f58f6dda",
                            "name": "canary",
                            "port": "80",
                            "protocol": "HTTP",
                            "stickiness.#": "1",
                            "stickiness.0.cookie_duration": "86400",
                            "stickiness.0.enabled": "false",
                            "stickiness.0.type": "lb_cookie",
                            "tags.%": "2",
                            "tags.Repository": "terraform-balancer",
                            "tags.Terraform": "true",
                            "vpc_id": "vpc-2ad3204c"
                        },
                        "meta": {},
                        "tainted": false
                    },
                    "deposed": [],
                    "provider": "provider.aws"
                },
                "aws_alb_target_group.production": {
                    "type": "aws_alb_target_group",
                    "depends_on": [
                        "module.vpc"
                    ],
                    "primary": {
                        "id": "arn:aws:elasticloadbalancing:eu-west-1:904317604667:targetgroup/production/b5380378a5d7647b",
                        "attributes": {
                            "arn": "arn:aws:elasticloadbalancing:eu-west-1:904317604667:targetgroup/production/b5380378a5d7647b",
                            "arn_suffix": "targetgroup/production/b5380378a5d7647b",
                            "deregistration_delay": "300",
                            "health_check.#": "1",
                            "health_check.0.healthy_threshold": "5",
                            "health_check.0.interval": "30",
                            "health_check.0.matcher": "200",
                            "health_check.0.path": "/",
                            "health_check.0.port": "traffic-port",
                            "health_check.0.protocol": "HTTP",
                            "health_check.0.timeout": "5",
                            "health_check.0.unhealthy_threshold": "2",
                            "id": "arn:aws:elasticloadbalancing:eu-west-1:904317604667:targetgroup/production/b5380378a5d7647b",
                            "name": "production",
                            "port": "80",
                            "protocol": "HTTP",
                            "stickiness.#": "1",
                            "stickiness.0.cookie_duration": "86400",
                            "stickiness.0.enabled": "false",
                            "stickiness.0.type": "lb_cookie",
                            "tags.%": "2",
                            "tags.Repository": "terraform-balancer",
                            "tags.Terraform": "true",
                            "vpc_id": "vpc-2ad3204c"
                        },
                        "meta": {},
                        "tainted": false
                    },
                    "deposed": [],
                    "provider": "provider.aws"
                },
                "aws_ecs_service.balancer": {
                    "type": "aws_ecs_service",
                    "depends_on": [
                        "aws_alb_listener.balancer",
                        "aws_alb_target_group.balancer",
                        "aws_ecs_task_definition.balancer",
                        "random_pet.this"
                    ],
                    "primary": {
                        "id": "arn:aws:ecs:eu-west-1:904317604667:service/balancer",
                        "attributes": {
                            "cluster": "stage-mole",
                            "deployment_maximum_percent": "200",
                            "deployment_minimum_healthy_percent": "100",
                            "desired_count": "2",
                            "iam_role": "aws-service-role",
                            "id": "arn:aws:ecs:eu-west-1:904317604667:service/balancer",
                            "load_balancer.#": "1",
                            "load_balancer.2507368649.container_name": "balancer",
                            "load_balancer.2507368649.container_port": "80",
                            "load_balancer.2507368649.elb_name": "",
                            "load_balancer.2507368649.target_group_arn": "arn:aws:elasticloadbalancing:eu-west-1:904317604667:targetgroup/balancer/a09fec8bac7fc128",
                            "name": "balancer",
                            "placement_constraints.#": "0",
                            "placement_strategy.#": "0",
                            "task_definition": "arn:aws:ecs:eu-west-1:904317604667:task-definition/balancer:10"
                        },
                        "meta": {},
                        "tainted": false
                    },
                    "deposed": [],
                    "provider": "provider.aws"
                },
                "aws_ecs_service.canary": {
                    "type": "aws_ecs_service",
                    "depends_on": [
                        "aws_alb_listener.canary",
                        "aws_alb_target_group.canary",
                        "aws_ecs_task_definition.canary",
                        "random_pet.this"
                    ],
                    "primary": {
                        "id": "arn:aws:ecs:eu-west-1:904317604667:service/canary",
                        "attributes": {
                            "cluster": "stage-mole",
                            "deployment_maximum_percent": "200",
                            "deployment_minimum_healthy_percent": "100",
                            "desired_count": "2",
                            "iam_role": "aws-service-role",
                            "id": "arn:aws:ecs:eu-west-1:904317604667:service/canary",
                            "load_balancer.#": "1",
                            "load_balancer.4265352544.container_name": "canary",
                            "load_balancer.4265352544.container_port": "80",
                            "load_balancer.4265352544.elb_name": "",
                            "load_balancer.4265352544.target_group_arn": "arn:aws:elasticloadbalancing:eu-west-1:904317604667:targetgroup/canary/ccb2d636f58f6dda",
                            "name": "canary",
                            "placement_constraints.#": "0",
                            "placement_strategy.#": "0",
                            "task_definition": "arn:aws:ecs:eu-west-1:904317604667:task-definition/canary:9"
                        },
                        "meta": {},
                        "tainted": false
                    },
                    "deposed": [],
                    "provider": "provider.aws"
                },
                "aws_ecs_service.production": {
                    "type": "aws_ecs_service",
                    "depends_on": [
                        "aws_alb_listener.production",
                        "aws_alb_target_group.production",
                        "aws_ecs_task_definition.production",
                        "random_pet.this"
                    ],
                    "primary": {
                        "id": "arn:aws:ecs:eu-west-1:904317604667:service/production",
                        "attributes": {
                            "cluster": "stage-mole",
                            "deployment_maximum_percent": "200",
                            "deployment_minimum_healthy_percent": "100",
                            "desired_count": "2",
                            "iam_role": "aws-service-role",
                            "id": "arn:aws:ecs:eu-west-1:904317604667:service/production",
                            "load_balancer.#": "1",
                            "load_balancer.1160557695.container_name": "production",
                            "load_balancer.1160557695.container_port": "80",
                            "load_balancer.1160557695.elb_name": "",
                            "load_balancer.1160557695.target_group_arn": "arn:aws:elasticloadbalancing:eu-west-1:904317604667:targetgroup/production/b5380378a5d7647b",
                            "name": "production",
                            "placement_constraints.#": "0",
                            "placement_strategy.#": "0",
                            "task_definition": "arn:aws:ecs:eu-west-1:904317604667:task-definition/production:9"
                        },
                        "meta": {},
                        "tainted": false
                    },
                    "deposed": [],
                    "provider": "provider.aws"
                },
                "aws_ecs_task_definition.balancer": {
                    "type": "aws_ecs_task_definition",
                    "depends_on": [
                        "data.template_file.balancer"
                    ],
                    "primary": {
                        "id": "balancer",
                        "attributes": {
                            "arn": "arn:aws:ecs:eu-west-1:904317604667:task-definition/balancer:10",
                            "container_definitions": "8fb1d6fb614b335d8871302c754a3b86c3a143e5",
                            "family": "balancer",
                            "id": "balancer",
                            "network_mode": "",
                            "placement_constraints.#": "0",
                            "revision": "10",
                            "task_role_arn": ""
                        },
                        "meta": {},
                        "tainted": false
                    },
                    "deposed": [],
                    "provider": "provider.aws"
                },
                "aws_ecs_task_definition.canary": {
                    "type": "aws_ecs_task_definition",
                    "depends_on": [
                        "data.template_file.canary"
                    ],
                    "primary": {
                        "id": "canary",
                        "attributes": {
                            "arn": "arn:aws:ecs:eu-west-1:904317604667:task-definition/canary:9",
                            "container_definitions": "7519486f03c4c6039e48160624c950c1d6577762",
                            "family": "canary",
                            "id": "canary",
                            "network_mode": "",
                            "placement_constraints.#": "0",
                            "revision": "9",
                            "task_role_arn": ""
                        },
                        "meta": {},
                        "tainted": false
                    },
                    "deposed": [],
                    "provider": "provider.aws"
                },
                "aws_ecs_task_definition.production": {
                    "type": "aws_ecs_task_definition",
                    "depends_on": [
                        "data.template_file.production"
                    ],
                    "primary": {
                        "id": "production",
                        "attributes": {
                            "arn": "arn:aws:ecs:eu-west-1:904317604667:task-definition/production:9",
                            "container_definitions": "01cbfb26f4c50ebfb4807e9d07dee74b9c1bd95d",
                            "family": "production",
                            "id": "production",
                            "network_mode": "",
                            "placement_constraints.#": "0",
                            "revision": "9",
                            "task_role_arn": ""
                        },
                        "meta": {},
                        "tainted": false
                    },
                    "deposed": [],
                    "provider": "provider.aws"
                },
                "data.template_file.balancer": {
                    "type": "template_file",
                    "depends_on": [
                        "aws_alb.canary",
                        "aws_alb.production"
                    ],
                    "primary": {
                        "id": "36d2ea36a9629057303129504d22be453cdd253f043d778061b167ebb4051fb4",
                        "attributes": {
                            "id": "36d2ea36a9629057303129504d22be453cdd253f043d778061b167ebb4051fb4",
                            "rendered": "[\n    {\n        \"name\": \"balancer\",\n        \"image\": \"smartbrood/balancer:nginx\",\n        \"cpu\": 10,\n        \"memory\": 200,\n        \"essential\": true,\n        \"portMappings\": [\n             {\n                 \"hostPort\": 0,\n                 \"containerPort\": 80,\n                 \"protocol\": \"tcp\"\n             },\n             {\n                 \"hostPort\": 0,\n                 \"containerPort\": 443,\n                 \"protocol\": \"tcp\"\n             }\n         ],\n        \"links\": [],\n        \"environment\": [{\n            \"name\": \"PRODUCTION\",\n            \"value\": \"production-1372050180.eu-west-1.elb.amazonaws.com\"\n         },\n         {\n            \"name\": \"CANARY\",\n            \"value\": \"canary-1962206528.eu-west-1.elb.amazonaws.com\"\n         }],\n        \"mountPoints\": [],\n        \"volumesFrom\": [],\n        \"extraHosts\": null,\n        \"logConfiguration\": null,\n        \"ulimits\": null,\n        \"dockerLabels\": null\n    }\n]\n\n",
                            "template": "[\n    {\n        \"name\": \"balancer\",\n        \"image\": \"smartbrood/balancer:nginx\",\n        \"cpu\": 10,\n        \"memory\": 200,\n        \"essential\": true,\n        \"portMappings\": [\n             {\n                 \"hostPort\": 0,\n                 \"containerPort\": 80,\n                 \"protocol\": \"tcp\"\n             },\n             {\n                 \"hostPort\": 0,\n                 \"containerPort\": 443,\n                 \"protocol\": \"tcp\"\n             }\n         ],\n        \"links\": [],\n        \"environment\": [{\n            \"name\": \"PRODUCTION\",\n            \"value\": \"${ PRODUCTION }\"\n         },\n         {\n            \"name\": \"CANARY\",\n            \"value\": \"${ CANARY }\"\n         }],\n        \"mountPoints\": [],\n        \"volumesFrom\": [],\n        \"extraHosts\": null,\n        \"logConfiguration\": null,\n        \"ulimits\": null,\n        \"dockerLabels\": null\n    }\n]\n\n",
                            "vars.%": "2",
                            "vars.CANARY": "canary-1962206528.eu-west-1.elb.amazonaws.com",
                            "vars.PRODUCTION": "production-1372050180.eu-west-1.elb.amazonaws.com"
                        },
                        "meta": {},
                        "tainted": false
                    },
                    "deposed": [],
                    "provider": "provider.template"
                },
                "data.template_file.canary": {
                    "type": "template_file",
                    "depends_on": [],
                    "primary": {
                        "id": "4f2c335481ca8b4eb9eede61d12f8f683965a9b7ab63bac9c53da0757f2ecdc2",
                        "attributes": {
                            "id": "4f2c335481ca8b4eb9eede61d12f8f683965a9b7ab63bac9c53da0757f2ecdc2",
                            "rendered": "[\n    {\n        \"name\": \"canary\",\n        \"image\": \"smartbrood/balancer:canary\",\n        \"cpu\": 10,\n        \"memory\": 200,\n        \"essential\": true,\n        \"portMappings\": [\n             {\n                 \"hostPort\": 0,\n                 \"containerPort\": 80,\n                 \"protocol\": \"tcp\"\n             },\n             {\n                 \"hostPort\": 0,\n                 \"containerPort\": 443,\n                 \"protocol\": \"tcp\"\n             }\n         ],\n        \"links\": [],\n        \"environment\": [],\n        \"mountPoints\": [],\n        \"volumesFrom\": [],\n        \"extraHosts\": null,\n        \"logConfiguration\": null,\n        \"ulimits\": null,\n        \"dockerLabels\": null\n    }\n]\n\n",
                            "template": "[\n    {\n        \"name\": \"canary\",\n        \"image\": \"smartbrood/balancer:canary\",\n        \"cpu\": 10,\n        \"memory\": 200,\n        \"essential\": true,\n        \"portMappings\": [\n             {\n                 \"hostPort\": 0,\n                 \"containerPort\": 80,\n                 \"protocol\": \"tcp\"\n             },\n             {\n                 \"hostPort\": 0,\n                 \"containerPort\": 443,\n                 \"protocol\": \"tcp\"\n             }\n         ],\n        \"links\": [],\n        \"environment\": [],\n        \"mountPoints\": [],\n        \"volumesFrom\": [],\n        \"extraHosts\": null,\n        \"logConfiguration\": null,\n        \"ulimits\": null,\n        \"dockerLabels\": null\n    }\n]\n\n"
                        },
                        "meta": {},
                        "tainted": false
                    },
                    "deposed": [],
                    "provider": "provider.template"
                },
                "data.template_file.production": {
                    "type": "template_file",
                    "depends_on": [],
                    "primary": {
                        "id": "70691eda54dd0158d456a81bde72e2c7f980e32fce166e080f99518c30cf553c",
                        "attributes": {
                            "id": "70691eda54dd0158d456a81bde72e2c7f980e32fce166e080f99518c30cf553c",
                            "rendered": "[\n    {\n        \"name\": \"production\",\n        \"image\": \"smartbrood/balancer:production\",\n        \"cpu\": 10,\n        \"memory\": 200,\n        \"essential\": true,\n        \"portMappings\": [\n             {\n                 \"hostPort\": 0,\n                 \"containerPort\": 80,\n                 \"protocol\": \"tcp\"\n             },\n             {\n                 \"hostPort\": 0,\n                 \"containerPort\": 443,\n                 \"protocol\": \"tcp\"\n             }\n         ],\n        \"links\": [],\n        \"environment\": [],\n        \"mountPoints\": [],\n        \"volumesFrom\": [],\n        \"extraHosts\": null,\n        \"logConfiguration\": null,\n        \"ulimits\": null,\n        \"dockerLabels\": null\n    }\n]\n\n",
                            "template": "[\n    {\n        \"name\": \"production\",\n        \"image\": \"smartbrood/balancer:production\",\n        \"cpu\": 10,\n        \"memory\": 200,\n        \"essential\": true,\n        \"portMappings\": [\n             {\n                 \"hostPort\": 0,\n                 \"containerPort\": 80,\n                 \"protocol\": \"tcp\"\n             },\n             {\n                 \"hostPort\": 0,\n                 \"containerPort\": 443,\n                 \"protocol\": \"tcp\"\n             }\n         ],\n        \"links\": [],\n        \"environment\": [],\n        \"mountPoints\": [],\n        \"volumesFrom\": [],\n        \"extraHosts\": null,\n        \"logConfiguration\": null,\n        \"ulimits\": null,\n        \"dockerLabels\": null\n    }\n]\n\n"
                        },
                        "meta": {},
                        "tainted": false
                    },
                    "deposed": [],
                    "provider": "provider.template"
                },
                "random_pet.this": {
                    "type": "random_pet",
                    "depends_on": [],
                    "primary": {
                        "id": "mole",
                        "attributes": {
                            "id": "mole",
                            "length": "1",
                            "separator": "-"
                        },
                        "meta": {},
                        "tainted": false
                    },
                    "deposed": [],
                    "provider": "provider.random"
                }
            },
            "depends_on": []
        },
        {
            "path": [
                "root",
                "ecs"
            ],
            "outputs": {
                "data_source_values": {
                    "sensitive": false,
                    "type": "map",
                    "value": {
                        "zone_a_public_ip": "54.194.129.169",
                        "zone_a_public_ip_private": "10.3.1.189",
                        "zone_b_public_ip": "34.242.114.205",
                        "zone_b_public_ip_private": "10.3.2.36",
                        "zone_c_public_ip": "",
                        "zone_c_public_ip_private": ""
                    }
                }
            },
            "resources": {
                "aws_ecs_cluster.this": {
                    "type": "aws_ecs_cluster",
                    "depends_on": [],
                    "primary": {
                        "id": "arn:aws:ecs:eu-west-1:904317604667:cluster/stage-mole",
                        "attributes": {
                            "id": "arn:aws:ecs:eu-west-1:904317604667:cluster/stage-mole",
                            "name": "stage-mole"
                        },
                        "meta": {},
                        "tainted": false
                    },
                    "deposed": [],
                    "provider": "provider.aws"
                },
                "data.null_data_source.values": {
                    "type": "null_data_source",
                    "depends_on": [
                        "module.ecs_public_a",
                        "module.ecs_public_b",
                        "module.ecs_public_c"
                    ],
                    "primary": {
                        "id": "static",
                        "attributes": {
                            "has_computed_default": "default",
                            "id": "static",
                            "inputs.%": "6",
                            "inputs.zone_a_public_ip": "54.194.129.169",
                            "inputs.zone_a_public_ip_private": "10.3.1.189",
                            "inputs.zone_b_public_ip": "34.242.114.205",
                            "inputs.zone_b_public_ip_private": "10.3.2.36",
                            "inputs.zone_c_public_ip": "",
                            "inputs.zone_c_public_ip_private": "",
                            "outputs.%": "6",
                            "outputs.zone_a_public_ip": "54.194.129.169",
                            "outputs.zone_a_public_ip_private": "10.3.1.189",
                            "outputs.zone_b_public_ip": "34.242.114.205",
                            "outputs.zone_b_public_ip_private": "10.3.2.36",
                            "outputs.zone_c_public_ip": "",
                            "outputs.zone_c_public_ip_private": "",
                            "random": "5216038253151359230"
                        },
                        "meta": {},
                        "tainted": false
                    },
                    "deposed": [],
                    "provider": "provider.null"
                },
                "data.template_file.user_data_public": {
                    "type": "template_file",
                    "depends_on": [],
                    "primary": {
                        "id": "14bb9a8aa2cbc150db3dee25a99dbcd8dddae4f1e86390b10f0772df68bae77b",
                        "attributes": {
                            "id": "14bb9a8aa2cbc150db3dee25a99dbcd8dddae4f1e86390b10f0772df68bae77b",
                            "rendered": "#!/usr/bin/env bash\n\n{\n  echo \"ECS_CLUSTER=stage-mole\"\n} \u003e\u003e /etc/ecs/ecs.config\n\n\n{\n  echo \"ECS_INSTANCE_ATTRIBUTES={\\\"FRONTEND\\\": \\\"true\\\", \\\"APPLICATION\\\": \\\"true\\\", \\\"DATABASE\\\": \\\"true\\\", \\\"SPOT\\\": \\\"false\\\"}\"\n} \u003e\u003e /etc/ecs/ecs.config\n\n\n",
                            "template": "#!/usr/bin/env bash\n\n{\n  echo \"ECS_CLUSTER=${cluster_name}\"\n} \u003e\u003e /etc/ecs/ecs.config\n\n\n{\n  echo \"ECS_INSTANCE_ATTRIBUTES={\\\"FRONTEND\\\": \\\"${frontend}\\\", \\\"APPLICATION\\\": \\\"${application}\\\", \\\"DATABASE\\\": \\\"${database}\\\", \\\"SPOT\\\": \\\"${spot}\\\"}\"\n} \u003e\u003e /etc/ecs/ecs.config\n\n\n",
                            "vars.%": "5",
                            "vars.application": "true",
                            "vars.cluster_name": "stage-mole",
                            "vars.database": "true",
                            "vars.frontend": "true",
                            "vars.spot": "false"
                        },
                        "meta": {},
                        "tainted": false
                    },
                    "deposed": [],
                    "provider": "provider.template"
                }
            },
            "depends_on": []
        },
        {
            "path": [
                "root",
                "key-pair"
            ],
            "outputs": {
                "key_name": {
                    "sensitive": false,
                    "type": "string",
                    "value": "terraform-008915035045ee1c5c7a3dbff6"
                }
            },
            "resources": {
                "aws_key_pair.this": {
                    "type": "aws_key_pair",
                    "depends_on": [],
                    "primary": {
                        "id": "terraform-008915035045ee1c5c7a3dbff6",
                        "attributes": {
                            "id": "terraform-008915035045ee1c5c7a3dbff6",
                            "key_name": "terraform-008915035045ee1c5c7a3dbff6",
                            "key_name_prefix": "terraform-",
                            "public_key": "ssh-rsa AAAAB3NzaC1yc2EAAAABIwAAAQEAy4gSfdSdFRQo4RXM5Nx7X1ZkPM02hE5m+YBumXQLb/uVLcPIODUWF5UlpofbIeAc0YI+aGms8XHvE82VTaz7b686G9ef/sDzpB+qBiq4tKuBgzLx3vmWcv+DWSRfTbGCy82ww0d4huwLQsPMToAWHHU1Tzx9CphDXUwHNS30/GqwekP2O7Fq3peGVEaXBpVl68FxdpvKsDg3Qyt1OsF/N3RoHGsaJhYDyGUkGTlFqN7YGmnw96eX9j6gYJtje0SzrLbaFA3xnW34UN5oSov4VqouBYLCNsBywfxIK/gF9I14N+GMvEy0eYuWGtUjJaziP3xCeztxwttb2cnXAQm2qw== petrov@petrov-laptop"
                        },
                        "meta": {
                            "schema_version": "1"
                        },
                        "tainted": false
                    },
                    "deposed": [],
                    "provider": "provider.aws"
                }
            },
            "depends_on": []
        },
        {
            "path": [
                "root",
                "security_group"
            ],
            "outputs": {
                "id": {
                    "sensitive": false,
                    "type": "string",
                    "value": "sg-d14a5aaa"
                }
            },
            "resources": {
                "aws_security_group.this": {
                    "type": "aws_security_group",
                    "depends_on": [],
                    "primary": {
                        "id": "sg-d14a5aaa",
                        "attributes": {
                            "description": "For EC2 instances in ECS cluster",
                            "egress.#": "0",
                            "id": "sg-d14a5aaa",
                            "ingress.#": "0",
                            "name": "stage-mole",
                            "owner_id": "904317604667",
                            "tags.%": "3",
                            "tags.Name": "stage-mole",
                            "tags.Repository": "terraform-balancer",
                            "tags.Terraform": "true",
                            "vpc_id": "vpc-2ad3204c"
                        },
                        "meta": {},
                        "tainted": false
                    },
                    "deposed": [],
                    "provider": "provider.aws"
                },
                "aws_security_group_rule.egress_rules": {
                    "type": "aws_security_group_rule",
                    "depends_on": [
                        "aws_security_group.this"
                    ],
                    "primary": {
                        "id": "sgrule-820035460",
                        "attributes": {
                            "cidr_blocks.#": "1",
                            "cidr_blocks.0": "10.3.0.0/16",
                            "from_port": "0",
                            "id": "sgrule-820035460",
                            "protocol": "-1",
                            "security_group_id": "sg-d14a5aaa",
                            "self": "false",
                            "to_port": "0",
                            "type": "egress"
                        },
                        "meta": {
                            "schema_version": "2"
                        },
                        "tainted": false
                    },
                    "deposed": [],
                    "provider": "provider.aws"
                },
                "aws_security_group_rule.egress_rules_to_any.0": {
                    "type": "aws_security_group_rule",
                    "depends_on": [
                        "aws_security_group.this"
                    ],
                    "primary": {
                        "id": "sgrule-1298760583",
                        "attributes": {
                            "cidr_blocks.#": "1",
                            "cidr_blocks.0": "0.0.0.0/0",
                            "from_port": "22",
                            "id": "sgrule-1298760583",
                            "protocol": "tcp",
                            "security_group_id": "sg-d14a5aaa",
                            "self": "false",
                            "to_port": "22",
                            "type": "egress"
                        },
                        "meta": {
                            "schema_version": "2"
                        },
                        "tainted": false
                    },
                    "deposed": [],
                    "provider": "provider.aws"
                },
                "aws_security_group_rule.egress_rules_to_any.1": {
                    "type": "aws_security_group_rule",
                    "depends_on": [
                        "aws_security_group.this"
                    ],
                    "primary": {
                        "id": "sgrule-1118358300",
                        "attributes": {
                            "cidr_blocks.#": "1",
                            "cidr_blocks.0": "0.0.0.0/0",
                            "from_port": "443",
                            "id": "sgrule-1118358300",
                            "protocol": "tcp",
                            "security_group_id": "sg-d14a5aaa",
                            "self": "false",
                            "to_port": "443",
                            "type": "egress"
                        },
                        "meta": {
                            "schema_version": "2"
                        },
                        "tainted": false
                    },
                    "deposed": [],
                    "provider": "provider.aws"
                },
                "aws_security_group_rule.egress_rules_to_any.2": {
                    "type": "aws_security_group_rule",
                    "depends_on": [
                        "aws_security_group.this"
                    ],
                    "primary": {
                        "id": "sgrule-2702773176",
                        "attributes": {
                            "cidr_blocks.#": "1",
                            "cidr_blocks.0": "0.0.0.0/0",
                            "from_port": "80",
                            "id": "sgrule-2702773176",
                            "protocol": "tcp",
                            "security_group_id": "sg-d14a5aaa",
                            "self": "false",
                            "to_port": "80",
                            "type": "egress"
                        },
                        "meta": {
                            "schema_version": "2"
                        },
                        "tainted": false
                    },
                    "deposed": [],
                    "provider": "provider.aws"
                },
                "aws_security_group_rule.ingress_rules": {
                    "type": "aws_security_group_rule",
                    "depends_on": [
                        "aws_security_group.this"
                    ],
                    "primary": {
                        "id": "sgrule-2343955610",
                        "attributes": {
                            "cidr_blocks.#": "1",
                            "cidr_blocks.0": "10.3.0.0/16",
                            "from_port": "0",
                            "id": "sgrule-2343955610",
                            "protocol": "-1",
                            "security_group_id": "sg-d14a5aaa",
                            "self": "false",
                            "to_port": "0",
                            "type": "ingress"
                        },
                        "meta": {
                            "schema_version": "2"
                        },
                        "tainted": false
                    },
                    "deposed": [],
                    "provider": "provider.aws"
                },
                "aws_security_group_rule.ingress_rules_from_any.0": {
                    "type": "aws_security_group_rule",
                    "depends_on": [
                        "aws_security_group.this"
                    ],
                    "primary": {
                        "id": "sgrule-4052966484",
                        "attributes": {
                            "cidr_blocks.#": "1",
                            "cidr_blocks.0": "0.0.0.0/0",
                            "from_port": "22",
                            "id": "sgrule-4052966484",
                            "protocol": "tcp",
                            "security_group_id": "sg-d14a5aaa",
                            "self": "false",
                            "to_port": "22",
                            "type": "ingress"
                        },
                        "meta": {
                            "schema_version": "2"
                        },
                        "tainted": false
                    },
                    "deposed": [],
                    "provider": "provider.aws"
                },
                "aws_security_group_rule.ingress_rules_from_any.1": {
                    "type": "aws_security_group_rule",
                    "depends_on": [
                        "aws_security_group.this"
                    ],
                    "primary": {
                        "id": "sgrule-2520897488",
                        "attributes": {
                            "cidr_blocks.#": "1",
                            "cidr_blocks.0": "0.0.0.0/0",
                            "from_port": "443",
                            "id": "sgrule-2520897488",
                            "protocol": "tcp",
                            "security_group_id": "sg-d14a5aaa",
                            "self": "false",
                            "to_port": "443",
                            "type": "ingress"
                        },
                        "meta": {
                            "schema_version": "2"
                        },
                        "tainted": false
                    },
                    "deposed": [],
                    "provider": "provider.aws"
                },
                "aws_security_group_rule.ingress_rules_from_any.2": {
                    "type": "aws_security_group_rule",
                    "depends_on": [
                        "aws_security_group.this"
                    ],
                    "primary": {
                        "id": "sgrule-1192821217",
                        "attributes": {
                            "cidr_blocks.#": "1",
                            "cidr_blocks.0": "0.0.0.0/0",
                            "from_port": "80",
                            "id": "sgrule-1192821217",
                            "protocol": "tcp",
                            "security_group_id": "sg-d14a5aaa",
                            "self": "false",
                            "to_port": "80",
                            "type": "ingress"
                        },
                        "meta": {
                            "schema_version": "2"
                        },
                        "tainted": false
                    },
                    "deposed": [],
                    "provider": "provider.aws"
                }
            },
            "depends_on": []
        },
        {
            "path": [
                "root",
                "vpc"
            ],
            "outputs": {
                "values": {
                    "sensitive": false,
                    "type": "map",
                    "value": {
                        "private_subnet_a": "subnet-458f9222",
                        "private_subnet_b": "subnet-39b35371",
                        "private_subnet_c": "subnet-cc4b1297",
                        "public_subnet_a": "subnet-248e9343",
                        "public_subnet_b": "subnet-2ab05062",
                        "public_subnet_c": "subnet-5e560f05",
                        "route_table_private": "rtb-7939011f",
                        "route_table_public": "rtb-813e06e7",
                        "vpc": "vpc-2ad3204c",
                        "vpc_cidr_block": "10.3.0.0/16"
                    }
                }
            },
            "resources": {
                "aws_internet_gateway.public": {
                    "type": "aws_internet_gateway",
                    "depends_on": [
                        "aws_vpc.this"
                    ],
                    "primary": {
                        "id": "igw-bb9a38dc",
                        "attributes": {
                            "id": "igw-bb9a38dc",
                            "tags.%": "4",
                            "tags.Environment": "stage",
                            "tags.Name": "public",
                            "tags.Repository": "terraform-balancer",
                            "tags.Terraform": "true",
                            "vpc_id": "vpc-2ad3204c"
                        },
                        "meta": {},
                        "tainted": false
                    },
                    "deposed": [],
                    "provider": "provider.aws"
                },
                "aws_main_route_table_association.public": {
                    "type": "aws_main_route_table_association",
                    "depends_on": [
                        "aws_route_table.public",
                        "aws_vpc.this"
                    ],
                    "primary": {
                        "id": "rtbassoc-f9a15081",
                        "attributes": {
                            "id": "rtbassoc-f9a15081",
                            "original_route_table_id": "rtb-583c043e",
                            "route_table_id": "rtb-813e06e7",
                            "vpc_id": "vpc-2ad3204c"
                        },
                        "meta": {},
                        "tainted": false
                    },
                    "deposed": [],
                    "provider": "provider.aws"
                },
                "aws_route.public_to_internet": {
                    "type": "aws_route",
                    "depends_on": [
                        "aws_internet_gateway.public",
                        "aws_route_table.public"
                    ],
                    "primary": {
                        "id": "r-rtb-813e06e71080289494",
                        "attributes": {
                            "destination_cidr_block": "0.0.0.0/0",
                            "destination_prefix_list_id": "",
                            "egress_only_gateway_id": "",
                            "gateway_id": "igw-bb9a38dc",
                            "id": "r-rtb-813e06e71080289494",
                            "instance_id": "",
                            "instance_owner_id": "",
                            "nat_gateway_id": "",
                            "network_interface_id": "",
                            "origin": "CreateRoute",
                            "route_table_id": "rtb-813e06e7",
                            "state": "active",
                            "vpc_peering_connection_id": ""
                        },
                        "meta": {},
                        "tainted": false
                    },
                    "deposed": [],
                    "provider": "provider.aws"
                },
                "aws_route_table.private": {
                    "type": "aws_route_table",
                    "depends_on": [
                        "aws_vpc.this"
                    ],
                    "primary": {
                        "id": "rtb-7939011f",
                        "attributes": {
                            "id": "rtb-7939011f",
                            "propagating_vgws.#": "0",
                            "route.#": "0",
                            "tags.%": "4",
                            "tags.Environment": "stage",
                            "tags.Name": "private",
                            "tags.Repository": "terraform-balancer",
                            "tags.Terraform": "true",
                            "vpc_id": "vpc-2ad3204c"
                        },
                        "meta": {},
                        "tainted": false
                    },
                    "deposed": [],
                    "provider": "provider.aws"
                },
                "aws_route_table.public": {
                    "type": "aws_route_table",
                    "depends_on": [
                        "aws_vpc.this"
                    ],
                    "primary": {
                        "id": "rtb-813e06e7",
                        "attributes": {
                            "id": "rtb-813e06e7",
                            "propagating_vgws.#": "0",
                            "route.#": "0",
                            "tags.%": "4",
                            "tags.Environment": "stage",
                            "tags.Name": "public",
                            "tags.Repository": "terraform-balancer",
                            "tags.Terraform": "true",
                            "vpc_id": "vpc-2ad3204c"
                        },
                        "meta": {},
                        "tainted": false
                    },
                    "deposed": [],
                    "provider": "provider.aws"
                },
                "aws_route_table_association.private_subnet_a": {
                    "type": "aws_route_table_association",
                    "depends_on": [
                        "aws_route_table.private",
                        "aws_subnet.private_subnet_a"
                    ],
                    "primary": {
                        "id": "rtbassoc-12ad5c6a",
                        "attributes": {
                            "id": "rtbassoc-12ad5c6a",
                            "route_table_id": "rtb-7939011f",
                            "subnet_id": "subnet-458f9222"
                        },
                        "meta": {},
                        "tainted": false
                    },
                    "deposed": [],
                    "provider": "provider.aws"
                },
                "aws_route_table_association.private_subnet_b": {
                    "type": "aws_route_table_association",
                    "depends_on": [
                        "aws_route_table.private",
                        "aws_subnet.private_subnet_b"
                    ],
                    "primary": {
                        "id": "rtbassoc-55ac5d2d",
                        "attributes": {
                            "id": "rtbassoc-55ac5d2d",
                            "route_table_id": "rtb-7939011f",
                            "subnet_id": "subnet-39b35371"
                        },
                        "meta": {},
                        "tainted": false
                    },
                    "deposed": [],
                    "provider": "provider.aws"
                },
                "aws_route_table_association.private_subnet_c": {
                    "type": "aws_route_table_association",
                    "depends_on": [
                        "aws_route_table.private",
                        "aws_subnet.private_subnet_c"
                    ],
                    "primary": {
                        "id": "rtbassoc-72a3520a",
                        "attributes": {
                            "id": "rtbassoc-72a3520a",
                            "route_table_id": "rtb-7939011f",
                            "subnet_id": "subnet-cc4b1297"
                        },
                        "meta": {},
                        "tainted": false
                    },
                    "deposed": [],
                    "provider": "provider.aws"
                },
                "aws_subnet.private_subnet_a": {
                    "type": "aws_subnet",
                    "depends_on": [
                        "aws_vpc.this"
                    ],
                    "primary": {
                        "id": "subnet-458f9222",
                        "attributes": {
                            "assign_ipv6_address_on_creation": "false",
                            "availability_zone": "eu-west-1a",
                            "cidr_block": "10.3.4.0/24",
                            "id": "subnet-458f9222",
                            "map_public_ip_on_launch": "false",
                            "tags.%": "4",
                            "tags.Environment": "stage",
                            "tags.Name": "private_subnet_a",
                            "tags.Repository": "terraform-balancer",
                            "tags.Terraform": "true",
                            "vpc_id": "vpc-2ad3204c"
                        },
                        "meta": {
                            "schema_version": "1"
                        },
                        "tainted": false
                    },
                    "deposed": [],
                    "provider": "provider.aws"
                },
                "aws_subnet.private_subnet_b": {
                    "type": "aws_subnet",
                    "depends_on": [
                        "aws_vpc.this"
                    ],
                    "primary": {
                        "id": "subnet-39b35371",
                        "attributes": {
                            "assign_ipv6_address_on_creation": "false",
                            "availability_zone": "eu-west-1b",
                            "cidr_block": "10.3.5.0/24",
                            "id": "subnet-39b35371",
                            "map_public_ip_on_launch": "false",
                            "tags.%": "4",
                            "tags.Environment": "stage",
                            "tags.Name": "private_subnet_b",
                            "tags.Repository": "terraform-balancer",
                            "tags.Terraform": "true",
                            "vpc_id": "vpc-2ad3204c"
                        },
                        "meta": {
                            "schema_version": "1"
                        },
                        "tainted": false
                    },
                    "deposed": [],
                    "provider": "provider.aws"
                },
                "aws_subnet.private_subnet_c": {
                    "type": "aws_subnet",
                    "depends_on": [
                        "aws_vpc.this"
                    ],
                    "primary": {
                        "id": "subnet-cc4b1297",
                        "attributes": {
                            "assign_ipv6_address_on_creation": "false",
                            "availability_zone": "eu-west-1c",
                            "cidr_block": "10.3.6.0/24",
                            "id": "subnet-cc4b1297",
                            "map_public_ip_on_launch": "false",
                            "tags.%": "4",
                            "tags.Environment": "stage",
                            "tags.Name": "private_subnet_c",
                            "tags.Repository": "terraform-balancer",
                            "tags.Terraform": "true",
                            "vpc_id": "vpc-2ad3204c"
                        },
                        "meta": {
                            "schema_version": "1"
                        },
                        "tainted": false
                    },
                    "deposed": [],
                    "provider": "provider.aws"
                },
                "aws_subnet.public_subnet_a": {
                    "type": "aws_subnet",
                    "depends_on": [
                        "aws_vpc.this"
                    ],
                    "primary": {
                        "id": "subnet-248e9343",
                        "attributes": {
                            "assign_ipv6_address_on_creation": "false",
                            "availability_zone": "eu-west-1a",
                            "cidr_block": "10.3.1.0/24",
                            "id": "subnet-248e9343",
                            "map_public_ip_on_launch": "true",
                            "tags.%": "4",
                            "tags.Environment": "stage",
                            "tags.Name": "public_subnet_a",
                            "tags.Repository": "terraform-balancer",
                            "tags.Terraform": "true",
                            "vpc_id": "vpc-2ad3204c"
                        },
                        "meta": {
                            "schema_version": "1"
                        },
                        "tainted": false
                    },
                    "deposed": [],
                    "provider": "provider.aws"
                },
                "aws_subnet.public_subnet_b": {
                    "type": "aws_subnet",
                    "depends_on": [
                        "aws_vpc.this"
                    ],
                    "primary": {
                        "id": "subnet-2ab05062",
                        "attributes": {
                            "assign_ipv6_address_on_creation": "false",
                            "availability_zone": "eu-west-1b",
                            "cidr_block": "10.3.2.0/24",
                            "id": "subnet-2ab05062",
                            "map_public_ip_on_launch": "true",
                            "tags.%": "4",
                            "tags.Environment": "stage",
                            "tags.Name": "public_subnet_b",
                            "tags.Repository": "terraform-balancer",
                            "tags.Terraform": "true",
                            "vpc_id": "vpc-2ad3204c"
                        },
                        "meta": {
                            "schema_version": "1"
                        },
                        "tainted": false
                    },
                    "deposed": [],
                    "provider": "provider.aws"
                },
                "aws_subnet.public_subnet_c": {
                    "type": "aws_subnet",
                    "depends_on": [
                        "aws_vpc.this"
                    ],
                    "primary": {
                        "id": "subnet-5e560f05",
                        "attributes": {
                            "assign_ipv6_address_on_creation": "false",
                            "availability_zone": "eu-west-1c",
                            "cidr_block": "10.3.3.0/24",
                            "id": "subnet-5e560f05",
                            "map_public_ip_on_launch": "true",
                            "tags.%": "4",
                            "tags.Environment": "stage",
                            "tags.Name": "public_subnet_c",
                            "tags.Repository": "terraform-balancer",
                            "tags.Terraform": "true",
                            "vpc_id": "vpc-2ad3204c"
                        },
                        "meta": {
                            "schema_version": "1"
                        },
                        "tainted": false
                    },
                    "deposed": [],
                    "provider": "provider.aws"
                },
                "aws_vpc.this": {
                    "type": "aws_vpc",
                    "depends_on": [],
                    "primary": {
                        "id": "vpc-2ad3204c",
                        "attributes": {
                            "assign_generated_ipv6_cidr_block": "false",
                            "cidr_block": "10.3.0.0/16",
                            "default_network_acl_id": "acl-7be7821d",
                            "default_route_table_id": "rtb-583c043e",
                            "default_security_group_id": "sg-c94555b2",
                            "dhcp_options_id": "dopt-fe52259a",
                            "enable_classiclink": "false",
                            "enable_classiclink_dns_support": "false",
                            "enable_dns_hostnames": "true",
                            "enable_dns_support": "true",
                            "id": "vpc-2ad3204c",
                            "instance_tenancy": "default",
                            "main_route_table_id": "rtb-583c043e",
                            "tags.%": "4",
                            "tags.Environment": "stage",
                            "tags.Name": "stage-mole",
                            "tags.Repository": "terraform-balancer",
                            "tags.Terraform": "true"
                        },
                        "meta": {
                            "schema_version": "1"
                        },
                        "tainted": false
                    },
                    "deposed": [],
                    "provider": "provider.aws"
                },
                "data.null_data_source.values": {
                    "type": "null_data_source",
                    "depends_on": [
                        "aws_route_table.private",
                        "aws_route_table.public",
                        "aws_subnet.private_subnet_a",
                        "aws_subnet.private_subnet_b",
                        "aws_subnet.private_subnet_c",
                        "aws_subnet.public_subnet_a",
                        "aws_subnet.public_subnet_b",
                        "aws_subnet.public_subnet_c",
                        "aws_vpc.this"
                    ],
                    "primary": {
                        "id": "static",
                        "attributes": {
                            "has_computed_default": "default",
                            "id": "static",
                            "inputs.%": "10",
                            "inputs.private_subnet_a": "subnet-458f9222",
                            "inputs.private_subnet_b": "subnet-39b35371",
                            "inputs.private_subnet_c": "subnet-cc4b1297",
                            "inputs.public_subnet_a": "subnet-248e9343",
                            "inputs.public_subnet_b": "subnet-2ab05062",
                            "inputs.public_subnet_c": "subnet-5e560f05",
                            "inputs.route_table_private": "rtb-7939011f",
                            "inputs.route_table_public": "rtb-813e06e7",
                            "inputs.vpc": "vpc-2ad3204c",
                            "inputs.vpc_cidr_block": "10.3.0.0/16",
                            "outputs.%": "10",
                            "outputs.private_subnet_a": "subnet-458f9222",
                            "outputs.private_subnet_b": "subnet-39b35371",
                            "outputs.private_subnet_c": "subnet-cc4b1297",
                            "outputs.public_subnet_a": "subnet-248e9343",
                            "outputs.public_subnet_b": "subnet-2ab05062",
                            "outputs.public_subnet_c": "subnet-5e560f05",
                            "outputs.route_table_private": "rtb-7939011f",
                            "outputs.route_table_public": "rtb-813e06e7",
                            "outputs.vpc": "vpc-2ad3204c",
                            "outputs.vpc_cidr_block": "10.3.0.0/16",
                            "random": "6030958873490090197"
                        },
                        "meta": {},
                        "tainted": false
                    },
                    "deposed": [],
                    "provider": "provider.null"
                }
            },
            "depends_on": []
        },
        {
            "path": [
                "root",
                "ecs",
                "ec2_iam_role"
            ],
            "outputs": {
                "arn": {
                    "sensitive": false,
                    "type": "string",
                    "value": "arn:aws:iam::904317604667:role/stage-mole"
                },
                "profile_name": {
                    "sensitive": false,
                    "type": "string",
                    "value": "stage-mole"
                },
                "unique_id": {
                    "sensitive": false,
                    "type": "string",
                    "value": "AROAJFYP2KV6RDCAMQCKI"
                }
            },
            "resources": {
                "aws_iam_instance_profile.this": {
                    "type": "aws_iam_instance_profile",
                    "depends_on": [
                        "aws_iam_role.this"
                    ],
                    "primary": {
                        "id": "stage-mole",
                        "attributes": {
                            "arn": "arn:aws:iam::904317604667:instance-profile/stage-mole",
                            "id": "stage-mole",
                            "name": "stage-mole",
                            "path": "/",
                            "role": "stage-mole",
                            "roles.#": "0",
                            "unique_id": "AIPAITC4G7KP27POFZCLE"
                        },
                        "meta": {},
                        "tainted": false
                    },
                    "deposed": [],
                    "provider": "provider.aws"
                },
                "aws_iam_role.this": {
                    "type": "aws_iam_role",
                    "depends_on": [
                        "data.aws_iam_policy_document.this"
                    ],
                    "primary": {
                        "id": "stage-mole",
                        "attributes": {
                            "arn": "arn:aws:iam::904317604667:role/stage-mole",
                            "assume_role_policy": "{\"Version\":\"2012-10-17\",\"Statement\":[{\"Sid\":\"\",\"Effect\":\"Allow\",\"Principal\":{\"Service\":\"ec2.amazonaws.com\"},\"Action\":\"sts:AssumeRole\"}]}",
                            "create_date": "2018-01-14T20:14:57Z",
                            "description": "This IAM Role generated by Terraform.",
                            "force_detach_policies": "false",
                            "id": "stage-mole",
                            "name": "stage-mole",
                            "path": "/",
                            "unique_id": "AROAJFYP2KV6RDCAMQCKI"
                        },
                        "meta": {},
                        "tainted": false
                    },
                    "deposed": [],
                    "provider": "provider.aws"
                },
                "aws_iam_role_policy_attachment.this": {
                    "type": "aws_iam_role_policy_attachment",
                    "depends_on": [
                        "aws_iam_role.this"
                    ],
                    "primary": {
                        "id": "stage-mole-008915035045ee1c5c7a3dbff7",
                        "attributes": {
                            "id": "stage-mole-008915035045ee1c5c7a3dbff7",
                            "policy_arn": "arn:aws:iam::aws:policy/service-role/AmazonEC2ContainerServiceforEC2Role",
                            "role": "stage-mole"
                        },
                        "meta": {},
                        "tainted": false
                    },
                    "deposed": [],
                    "provider": "provider.aws"
                },
                "data.aws_iam_policy_document.this": {
                    "type": "aws_iam_policy_document",
                    "depends_on": [],
                    "primary": {
                        "id": "1903849331",
                        "attributes": {
                            "id": "1903849331",
                            "json": "{\n  \"Version\": \"2012-10-17\",\n  \"Statement\": [\n    {\n      \"Sid\": \"\",\n      \"Effect\": \"Allow\",\n      \"Action\": \"sts:AssumeRole\",\n      \"Principal\": {\n        \"Service\": \"ec2.amazonaws.com\"\n      }\n    }\n  ]\n}",
                            "statement.#": "1",
                            "statement.0.actions.#": "1",
                            "statement.0.actions.2528466339": "sts:AssumeRole",
                            "statement.0.condition.#": "0",
                            "statement.0.effect": "Allow",
                            "statement.0.not_actions.#": "0",
                            "statement.0.not_principals.#": "0",
                            "statement.0.not_resources.#": "0",
                            "statement.0.principals.#": "1",
                            "statement.0.principals.1134724139.identifiers.#": "1",
                            "statement.0.principals.1134724139.identifiers.3655884555": "ec2.amazonaws.com",
                            "statement.0.principals.1134724139.type": "Service",
                            "statement.0.resources.#": "0",
                            "statement.0.sid": ""
                        },
                        "meta": {},
                        "tainted": false
                    },
                    "deposed": [],
                    "provider": "provider.aws"
                }
            },
            "depends_on": []
        },
        {
            "path": [
                "root",
                "ecs",
                "ecs_ami"
            ],
            "outputs": {
                "ami_id": {
                    "sensitive": false,
                    "type": "string",
                    "value": "ami-acb020d5"
                }
            },
            "resources": {
                "data.aws_ami.centos7": {
                    "type": "aws_ami",
                    "depends_on": [],
                    "primary": {
                        "id": "ami-192a9460",
                        "attributes": {
                            "architecture": "x86_64",
                            "block_device_mappings.#": "1",
                            "block_device_mappings.1671611489.device_name": "/dev/sda1",
                            "block_device_mappings.1671611489.ebs.%": "6",
                            "block_device_mappings.1671611489.ebs.delete_on_termination": "false",
                            "block_device_mappings.1671611489.ebs.encrypted": "false",
                            "block_device_mappings.1671611489.ebs.iops": "0",
                            "block_device_mappings.1671611489.ebs.snapshot_id": "snap-013406753fcf8e3df",
                            "block_device_mappings.1671611489.ebs.volume_size": "8",
                            "block_device_mappings.1671611489.ebs.volume_type": "standard",
                            "block_device_mappings.1671611489.no_device": "",
                            "block_device_mappings.1671611489.virtual_name": "",
                            "creation_date": "2017-12-05T14:49:45.000Z",
                            "description": "CentOS Linux 7 x86_64 HVM EBS 1708_11.01",
                            "filter.#": "2",
                            "filter.3370992660.name": "name",
                            "filter.3370992660.values.#": "1",
                            "filter.3370992660.values.0": "CentOS Linux 7 x86_64 HVM EBS*",
                            "filter.490168357.name": "virtualization-type",
                            "filter.490168357.values.#": "1",
                            "filter.490168357.values.0": "hvm",
                            "hypervisor": "xen",
                            "id": "ami-192a9460",
                            "image_id": "ami-192a9460",
                            "image_location": "aws-marketplace/CentOS Linux 7 x86_64 HVM EBS 1708_11.01-b7ee8a69-ee97-4a49-9e68-afaee216db2e-ami-95096eef.4",
                            "image_owner_alias": "aws-marketplace",
                            "image_type": "machine",
                            "most_recent": "true",
                            "name": "CentOS Linux 7 x86_64 HVM EBS 1708_11.01-b7ee8a69-ee97-4a49-9e68-afaee216db2e-ami-95096eef.4",
                            "owner_id": "679593333241",
                            "owners.#": "1",
                            "owners.0": "679593333241",
                            "product_codes.#": "1",
                            "product_codes.347650389.product_code_id": "aw0evgkw8e5c1q413zgy5pjce",
                            "product_codes.347650389.product_code_type": "marketplace",
                            "public": "true",
                            "root_device_name": "/dev/sda1",
                            "root_device_type": "ebs",
                            "sriov_net_support": "simple",
                            "state": "available",
                            "state_reason.%": "2",
                            "state_reason.code": "UNSET",
                            "state_reason.message": "UNSET",
                            "tags.#": "0",
                            "virtualization_type": "hvm"
                        },
                        "meta": {},
                        "tainted": false
                    },
                    "deposed": [],
                    "provider": "provider.aws"
                },
                "data.aws_ami.ecs": {
                    "type": "aws_ami",
                    "depends_on": [],
                    "primary": {
                        "id": "ami-acb020d5",
                        "attributes": {
                            "architecture": "x86_64",
                            "block_device_mappings.#": "2",
                            "block_device_mappings.2538004115.device_name": "/dev/xvdcz",
                            "block_device_mappings.2538004115.ebs.%": "5",
                            "block_device_mappings.2538004115.ebs.delete_on_termination": "true",
                            "block_device_mappings.2538004115.ebs.encrypted": "false",
                            "block_device_mappings.2538004115.ebs.iops": "0",
                            "block_device_mappings.2538004115.ebs.volume_size": "22",
                            "block_device_mappings.2538004115.ebs.volume_type": "gp2",
                            "block_device_mappings.2538004115.no_device": "",
                            "block_device_mappings.2538004115.virtual_name": "",
                            "block_device_mappings.340275815.device_name": "/dev/xvda",
                            "block_device_mappings.340275815.ebs.%": "6",
                            "block_device_mappings.340275815.ebs.delete_on_termination": "true",
                            "block_device_mappings.340275815.ebs.encrypted": "false",
                            "block_device_mappings.340275815.ebs.iops": "0",
                            "block_device_mappings.340275815.ebs.snapshot_id": "snap-055b73d67b5912d17",
                            "block_device_mappings.340275815.ebs.volume_size": "8",
                            "block_device_mappings.340275815.ebs.volume_type": "gp2",
                            "block_device_mappings.340275815.no_device": "",
                            "block_device_mappings.340275815.virtual_name": "",
                            "creation_date": "2018-01-08T19:16:33.000Z",
                            "description": "Amazon Linux AMI 2017.09.f x86_64 ECS HVM GP2",
                            "filter.#": "3",
                            "filter.1206429088.name": "name",
                            "filter.1206429088.values.#": "1",
                            "filter.1206429088.values.0": "*amazon-ecs-optimized",
                            "filter.3386043752.name": "architecture",
                            "filter.3386043752.values.#": "1",
                            "filter.3386043752.values.0": "x86_64",
                            "filter.490168357.name": "virtualization-type",
                            "filter.490168357.values.#": "1",
                            "filter.490168357.values.0": "hvm",
                            "hypervisor": "xen",
                            "id": "ami-acb020d5",
                            "image_id": "ami-acb020d5",
                            "image_location": "amazon/amzn-ami-2017.09.f-amazon-ecs-optimized",
                            "image_owner_alias": "amazon",
                            "image_type": "machine",
                            "most_recent": "true",
                            "name": "amzn-ami-2017.09.f-amazon-ecs-optimized",
                            "owner_id": "591542846629",
                            "owners.#": "1",
                            "owners.0": "591542846629",
                            "product_codes.#": "0",
                            "public": "true",
                            "root_device_name": "/dev/xvda",
                            "root_device_type": "ebs",
                            "sriov_net_support": "simple",
                            "state": "available",
                            "state_reason.%": "2",
                            "state_reason.code": "UNSET",
                            "state_reason.message": "UNSET",
                            "tags.#": "0",
                            "virtualization_type": "hvm"
                        },
                        "meta": {},
                        "tainted": false
                    },
                    "deposed": [],
                    "provider": "provider.aws"
                },
                "data.aws_ami.ubuntu1204": {
                    "type": "aws_ami",
                    "depends_on": [],
                    "primary": {
                        "id": "ami-d80f02be",
                        "attributes": {
                            "architecture": "x86_64",
                            "block_device_mappings.#": "3",
                            "block_device_mappings.1634610537.device_name": "/dev/sdb",
                            "block_device_mappings.1634610537.ebs.%": "0",
                            "block_device_mappings.1634610537.no_device": "",
                            "block_device_mappings.1634610537.virtual_name": "ephemeral0",
                            "block_device_mappings.2547816212.device_name": "/dev/sda1",
                            "block_device_mappings.2547816212.ebs.%": "6",
                            "block_device_mappings.2547816212.ebs.delete_on_termination": "true",
                            "block_device_mappings.2547816212.ebs.encrypted": "false",
                            "block_device_mappings.2547816212.ebs.iops": "0",
                            "block_device_mappings.2547816212.ebs.snapshot_id": "snap-070b2f1f92cd4c313",
                            "block_device_mappings.2547816212.ebs.volume_size": "8",
                            "block_device_mappings.2547816212.ebs.volume_type": "gp2",
                            "block_device_mappings.2547816212.no_device": "",
                            "block_device_mappings.2547816212.virtual_name": "",
                            "block_device_mappings.3850042718.device_name": "/dev/sdc",
                            "block_device_mappings.3850042718.ebs.%": "0",
                            "block_device_mappings.3850042718.no_device": "",
                            "block_device_mappings.3850042718.virtual_name": "ephemeral1",
                            "creation_date": "2017-05-03T12:48:46.000Z",
                            "filter.#": "2",
                            "filter.2134442252.name": "name",
                            "filter.2134442252.values.#": "1",
                            "filter.2134442252.values.0": "ubuntu/images/hvm-ssd/ubuntu-precise-12.04-amd64-server-*",
                            "filter.490168357.name": "virtualization-type",
                            "filter.490168357.values.#": "1",
                            "filter.490168357.values.0": "hvm",
                            "hypervisor": "xen",
                            "id": "ami-d80f02be",
                            "image_id": "ami-d80f02be",
                            "image_location": "099720109477/ubuntu/images/hvm-ssd/ubuntu-precise-12.04-amd64-server-20170502",
                            "image_type": "machine",
                            "most_recent": "true",
                            "name": "ubuntu/images/hvm-ssd/ubuntu-precise-12.04-amd64-server-20170502",
                            "owner_id": "099720109477",
                            "owners.#": "1",
                            "owners.0": "099720109477",
                            "product_codes.#": "0",
                            "public": "true",
                            "root_device_name": "/dev/sda1",
                            "root_device_type": "ebs",
                            "state": "available",
                            "state_reason.%": "2",
                            "state_reason.code": "UNSET",
                            "state_reason.message": "UNSET",
                            "tags.#": "0",
                            "virtualization_type": "hvm"
                        },
                        "meta": {},
                        "tainted": false
                    },
                    "deposed": [],
                    "provider": "provider.aws"
                },
                "data.aws_ami.ubuntu1604": {
                    "type": "aws_ami",
                    "depends_on": [],
                    "primary": {
                        "id": "ami-4d46d534",
                        "attributes": {
                            "architecture": "x86_64",
                            "block_device_mappings.#": "3",
                            "block_device_mappings.1634610537.device_name": "/dev/sdb",
                            "block_device_mappings.1634610537.ebs.%": "0",
                            "block_device_mappings.1634610537.no_device": "",
                            "block_device_mappings.1634610537.virtual_name": "ephemeral0",
                            "block_device_mappings.2547816212.device_name": "/dev/sda1",
                            "block_device_mappings.2547816212.ebs.%": "6",
                            "block_device_mappings.2547816212.ebs.delete_on_termination": "true",
                            "block_device_mappings.2547816212.ebs.encrypted": "false",
                            "block_device_mappings.2547816212.ebs.iops": "0",
                            "block_device_mappings.2547816212.ebs.snapshot_id": "snap-04e9d00c19888f3b8",
                            "block_device_mappings.2547816212.ebs.volume_size": "8",
                            "block_device_mappings.2547816212.ebs.volume_type": "gp2",
                            "block_device_mappings.2547816212.no_device": "",
                            "block_device_mappings.2547816212.virtual_name": "",
                            "block_device_mappings.3850042718.device_name": "/dev/sdc",
                            "block_device_mappings.3850042718.ebs.%": "0",
                            "block_device_mappings.3850042718.no_device": "",
                            "block_device_mappings.3850042718.virtual_name": "ephemeral1",
                            "creation_date": "2018-01-10T04:20:18.000Z",
                            "description": "Canonical, Ubuntu, 16.04 LTS, amd64 xenial image build on 2018-01-09",
                            "filter.#": "2",
                            "filter.1585153008.name": "name",
                            "filter.1585153008.values.#": "1",
                            "filter.1585153008.values.0": "ubuntu/images/hvm-ssd/ubuntu-xenial-16.04-amd64-server-*",
                            "filter.490168357.name": "virtualization-type",
                            "filter.490168357.values.#": "1",
                            "filter.490168357.values.0": "hvm",
                            "hypervisor": "xen",
                            "id": "ami-4d46d534",
                            "image_id": "ami-4d46d534",
                            "image_location": "099720109477/ubuntu/images/hvm-ssd/ubuntu-xenial-16.04-amd64-server-20180109",
                            "image_type": "machine",
                            "most_recent": "true",
                            "name": "ubuntu/images/hvm-ssd/ubuntu-xenial-16.04-amd64-server-20180109",
                            "owner_id": "099720109477",
                            "owners.#": "1",
                            "owners.0": "099720109477",
                            "product_codes.#": "0",
                            "public": "true",
                            "root_device_name": "/dev/sda1",
                            "root_device_type": "ebs",
                            "sriov_net_support": "simple",
                            "state": "available",
                            "state_reason.%": "2",
                            "state_reason.code": "UNSET",
                            "state_reason.message": "UNSET",
                            "tags.#": "0",
                            "virtualization_type": "hvm"
                        },
                        "meta": {},
                        "tainted": false
                    },
                    "deposed": [],
                    "provider": "provider.aws"
                },
                "data.null_data_source.values": {
                    "type": "null_data_source",
                    "depends_on": [
                        "data.aws_ami.centos7",
                        "data.aws_ami.ecs",
                        "data.aws_ami.ubuntu1204",
                        "data.aws_ami.ubuntu1604"
                    ],
                    "primary": {
                        "id": "static",
                        "attributes": {
                            "has_computed_default": "default",
                            "id": "static",
                            "inputs.%": "4",
                            "inputs.centos7": "ami-192a9460",
                            "inputs.ecs": "ami-acb020d5",
                            "inputs.ubuntu1204": "ami-d80f02be",
                            "inputs.ubuntu1604": "ami-4d46d534",
                            "outputs.%": "4",
                            "outputs.centos7": "ami-192a9460",
                            "outputs.ecs": "ami-acb020d5",
                            "outputs.ubuntu1204": "ami-d80f02be",
                            "outputs.ubuntu1604": "ami-4d46d534",
                            "random": "4821029813082165582"
                        },
                        "meta": {},
                        "tainted": false
                    },
                    "deposed": [],
                    "provider": "provider.null"
                }
            },
            "depends_on": []
        },
        {
            "path": [
                "root",
                "ecs",
                "ecs_public_a"
            ],
            "outputs": {
                "availability_zone": {
                    "sensitive": false,
                    "type": "list",
                    "value": [
                        "eu-west-1a"
                    ]
                },
                "id": {
                    "sensitive": false,
                    "type": "list",
                    "value": [
                        "i-0ca18089e6d4d467f"
                    ]
                },
                "key_name": {
                    "sensitive": false,
                    "type": "list",
                    "value": [
                        "terraform-008915035045ee1c5c7a3dbff6"
                    ]
                },
                "network_interface_id": {
                    "sensitive": false,
                    "type": "list",
                    "value": [
                        "eni-40cc486e"
                    ]
                },
                "primary_network_interface_id": {
                    "sensitive": false,
                    "type": "list",
                    "value": [
                        "eni-40cc486e"
                    ]
                },
                "private_dns": {
                    "sensitive": false,
                    "type": "list",
                    "value": [
                        "ip-10-3-1-189.eu-west-1.compute.internal"
                    ]
                },
                "private_ip": {
                    "sensitive": false,
                    "type": "list",
                    "value": [
                        "10.3.1.189"
                    ]
                },
                "public_dns": {
                    "sensitive": false,
                    "type": "list",
                    "value": [
                        "ec2-54-194-129-169.eu-west-1.compute.amazonaws.com"
                    ]
                },
                "public_ip": {
                    "sensitive": false,
                    "type": "list",
                    "value": [
                        "54.194.129.169"
                    ]
                },
                "security_groups": {
                    "sensitive": false,
                    "type": "list",
                    "value": [
                        []
                    ]
                },
                "subnet_id": {
                    "sensitive": false,
                    "type": "list",
                    "value": [
                        "subnet-248e9343"
                    ]
                },
                "vpc_security_group_ids": {
                    "sensitive": false,
                    "type": "list",
                    "value": [
                        [
                            "sg-d14a5aaa"
                        ]
                    ]
                }
            },
            "resources": {
                "aws_instance.this": {
                    "type": "aws_instance",
                    "depends_on": [],
                    "primary": {
                        "id": "i-0ca18089e6d4d467f",
                        "attributes": {
                            "ami": "ami-acb020d5",
                            "associate_public_ip_address": "true",
                            "availability_zone": "eu-west-1a",
                            "disable_api_termination": "false",
                            "ebs_block_device.#": "1",
                            "ebs_block_device.504524833.delete_on_termination": "false",
                            "ebs_block_device.504524833.device_name": "/dev/xvdcz",
                            "ebs_block_device.504524833.encrypted": "false",
                            "ebs_block_device.504524833.iops": "0",
                            "ebs_block_device.504524833.snapshot_id": "",
                            "ebs_block_device.504524833.volume_size": "22",
                            "ebs_block_device.504524833.volume_type": "standard",
                            "ebs_optimized": "false",
                            "ephemeral_block_device.#": "0",
                            "iam_instance_profile": "stage-mole",
                            "id": "i-0ca18089e6d4d467f",
                            "instance_state": "running",
                            "instance_type": "t2.micro",
                            "ipv6_address_count": "0",
                            "ipv6_addresses.#": "0",
                            "key_name": "terraform-008915035045ee1c5c7a3dbff6",
                            "monitoring": "false",
                            "network_interface.#": "0",
                            "network_interface_id": "eni-40cc486e",
                            "primary_network_interface_id": "eni-40cc486e",
                            "private_dns": "ip-10-3-1-189.eu-west-1.compute.internal",
                            "private_ip": "10.3.1.189",
                            "public_dns": "ec2-54-194-129-169.eu-west-1.compute.amazonaws.com",
                            "public_ip": "54.194.129.169",
                            "root_block_device.#": "1",
                            "root_block_device.0.delete_on_termination": "false",
                            "root_block_device.0.iops": "0",
                            "root_block_device.0.volume_size": "8",
                            "root_block_device.0.volume_type": "standard",
                            "security_groups.#": "0",
                            "source_dest_check": "true",
                            "subnet_id": "subnet-248e9343",
                            "tags.%": "4",
                            "tags.Environment": "stage",
                            "tags.Name": "stage-mole-a-1",
                            "tags.Repository": "terraform-balancer",
                            "tags.Terraform": "true",
                            "tenancy": "default",
                            "user_data": "e49ebd81b2d9960504a8db42d6514d5820563b6b",
                            "volume_tags.%": "0",
                            "vpc_security_group_ids.#": "1",
                            "vpc_security_group_ids.3850192558": "sg-d14a5aaa"
                        },
                        "meta": {
                            "e2bfb730-ecaa-11e6-8f88-34363bc7c4c0": {
                                "create": 600000000000,
                                "delete": 600000000000,
                                "update": 600000000000
                            },
                            "schema_version": "1"
                        },
                        "tainted": false
                    },
                    "deposed": [],
                    "provider": "provider.aws"
                }
            },
            "depends_on": []
        },
        {
            "path": [
                "root",
                "ecs",
                "ecs_public_b"
            ],
            "outputs": {
                "availability_zone": {
                    "sensitive": false,
                    "type": "list",
                    "value": [
                        "eu-west-1b"
                    ]
                },
                "id": {
                    "sensitive": false,
                    "type": "list",
                    "value": [
                        "i-0f36cc56387e98505"
                    ]
                },
                "key_name": {
                    "sensitive": false,
                    "type": "list",
                    "value": [
                        "terraform-008915035045ee1c5c7a3dbff6"
                    ]
                },
                "network_interface_id": {
                    "sensitive": false,
                    "type": "list",
                    "value": [
                        "eni-9a0282aa"
                    ]
                },
                "primary_network_interface_id": {
                    "sensitive": false,
                    "type": "list",
                    "value": [
                        "eni-9a0282aa"
                    ]
                },
                "private_dns": {
                    "sensitive": false,
                    "type": "list",
                    "value": [
                        "ip-10-3-2-36.eu-west-1.compute.internal"
                    ]
                },
                "private_ip": {
                    "sensitive": false,
                    "type": "list",
                    "value": [
                        "10.3.2.36"
                    ]
                },
                "public_dns": {
                    "sensitive": false,
                    "type": "list",
                    "value": [
                        "ec2-34-242-114-205.eu-west-1.compute.amazonaws.com"
                    ]
                },
                "public_ip": {
                    "sensitive": false,
                    "type": "list",
                    "value": [
                        "34.242.114.205"
                    ]
                },
                "security_groups": {
                    "sensitive": false,
                    "type": "list",
                    "value": [
                        []
                    ]
                },
                "subnet_id": {
                    "sensitive": false,
                    "type": "list",
                    "value": [
                        "subnet-2ab05062"
                    ]
                },
                "vpc_security_group_ids": {
                    "sensitive": false,
                    "type": "list",
                    "value": [
                        [
                            "sg-d14a5aaa"
                        ]
                    ]
                }
            },
            "resources": {
                "aws_instance.this": {
                    "type": "aws_instance",
                    "depends_on": [],
                    "primary": {
                        "id": "i-0f36cc56387e98505",
                        "attributes": {
                            "ami": "ami-acb020d5",
                            "associate_public_ip_address": "true",
                            "availability_zone": "eu-west-1b",
                            "disable_api_termination": "false",
                            "ebs_block_device.#": "1",
                            "ebs_block_device.504524833.delete_on_termination": "false",
                            "ebs_block_device.504524833.device_name": "/dev/xvdcz",
                            "ebs_block_device.504524833.encrypted": "false",
                            "ebs_block_device.504524833.iops": "0",
                            "ebs_block_device.504524833.snapshot_id": "",
                            "ebs_block_device.504524833.volume_size": "22",
                            "ebs_block_device.504524833.volume_type": "standard",
                            "ebs_optimized": "false",
                            "ephemeral_block_device.#": "0",
                            "iam_instance_profile": "stage-mole",
                            "id": "i-0f36cc56387e98505",
                            "instance_state": "running",
                            "instance_type": "t2.micro",
                            "ipv6_address_count": "0",
                            "ipv6_addresses.#": "0",
                            "key_name": "terraform-008915035045ee1c5c7a3dbff6",
                            "monitoring": "false",
                            "network_interface.#": "0",
                            "network_interface_id": "eni-9a0282aa",
                            "primary_network_interface_id": "eni-9a0282aa",
                            "private_dns": "ip-10-3-2-36.eu-west-1.compute.internal",
                            "private_ip": "10.3.2.36",
                            "public_dns": "ec2-34-242-114-205.eu-west-1.compute.amazonaws.com",
                            "public_ip": "34.242.114.205",
                            "root_block_device.#": "1",
                            "root_block_device.0.delete_on_termination": "false",
                            "root_block_device.0.iops": "0",
                            "root_block_device.0.volume_size": "8",
                            "root_block_device.0.volume_type": "standard",
                            "security_groups.#": "0",
                            "source_dest_check": "true",
                            "subnet_id": "subnet-2ab05062",
                            "tags.%": "4",
                            "tags.Environment": "stage",
                            "tags.Name": "stage-mole-b-1",
                            "tags.Repository": "terraform-balancer",
                            "tags.Terraform": "true",
                            "tenancy": "default",
                            "user_data": "e49ebd81b2d9960504a8db42d6514d5820563b6b",
                            "volume_tags.%": "0",
                            "vpc_security_group_ids.#": "1",
                            "vpc_security_group_ids.3850192558": "sg-d14a5aaa"
                        },
                        "meta": {
                            "e2bfb730-ecaa-11e6-8f88-34363bc7c4c0": {
                                "create": 600000000000,
                                "delete": 600000000000,
                                "update": 600000000000
                            },
                            "schema_version": "1"
                        },
                        "tainted": false
                    },
                    "deposed": [],
                    "provider": "provider.aws"
                }
            },
            "depends_on": []
        },
        {
            "path": [
                "root",
                "ecs",
                "ecs_public_c"
            ],
            "outputs": {
                "availability_zone": {
                    "sensitive": false,
                    "type": "list",
                    "value": []
                },
                "id": {
                    "sensitive": false,
                    "type": "list",
                    "value": []
                },
                "key_name": {
                    "sensitive": false,
                    "type": "list",
                    "value": []
                },
                "network_interface_id": {
                    "sensitive": false,
                    "type": "list",
                    "value": []
                },
                "primary_network_interface_id": {
                    "sensitive": false,
                    "type": "list",
                    "value": []
                },
                "private_dns": {
                    "sensitive": false,
                    "type": "list",
                    "value": []
                },
                "private_ip": {
                    "sensitive": false,
                    "type": "list",
                    "value": []
                },
                "public_dns": {
                    "sensitive": false,
                    "type": "list",
                    "value": []
                },
                "public_ip": {
                    "sensitive": false,
                    "type": "list",
                    "value": []
                },
                "security_groups": {
                    "sensitive": false,
                    "type": "list",
                    "value": []
                },
                "subnet_id": {
                    "sensitive": false,
                    "type": "list",
                    "value": []
                },
                "vpc_security_group_ids": {
                    "sensitive": false,
                    "type": "list",
                    "value": []
                }
            },
            "resources": {},
            "depends_on": []
        }
    ]
}
